{
  "name": "wiki_parse",
  "version": "1.0.0",
  "lockfileVersion": 1,
  "requires": true,
  "dependencies": {
    "json-hash": {
      "version": "1.2.0",
      "resolved": "https://registry.npmjs.org/json-hash/-/json-hash-1.2.0.tgz",
      "integrity": "sha1-s+cXywd2Atp19IF9OjzESTl/mxA="
    }
  }
}
